
Microsoft Visual Studio Solution File, Format Version 12.00
# Visual Studio Version 16
VisualStudioVersion = 16.0.33529.622
MinimumVisualStudioVersion = 10.0.40219.1
Project("{FAE04EC0-301F-11D3-BF4B-00C04F79EFBC}") = "MainApp", "MainApp.csproj", "{3C0DB4B9-8F5E-4657-9E07-4626BE54568C}"
EndProject
Project("{54435603-DBB4-11D2-8724-00A0C9A8B90C}") = "Roblox Optimizer", "Setup\Setup1.vdproj", "{0214C033-C3F9-4E88-A2B8-E074AD6524CD}"
EndProject
Global
	GlobalSection(SolutionConfigurationPlatforms) = preSolution
		Debug|Any CPU = Debug|Any CPU
		Release|Any CPU = Release|Any CPU
	EndGlobalSection
	GlobalSection(ProjectConfigurationPlatforms) = postSolution
		{3C0DB4B9-8F5E-4657-9E07-4626BE54568C}.Debug|Any CPU.ActiveCfg = Debug|Any CPU
		{3C0DB4B9-8F5E-4657-9E07-4626BE54568C}.Debug|Any CPU.Build.0 = Debug|Any CPU
		{3C0DB4B9-8F5E-4657-9E07-4626BE54568C}.Release|Any CPU.ActiveCfg = Release|Any CPU
		{3C0DB4B9-8F5E-4657-9E07-4626BE54568C}.Release|Any CPU.Build.0 = Release|Any CPU
		{0214C033-C3F9-4E88-A2B8-E074AD6524CD}.Debug|Any CPU.ActiveCfg = Debug
		{0214C033-C3F9-4E88-A2B8-E074AD6524CD}.Debug|Any CPU.Build.0 = Debug
		{0214C033-C3F9-4E88-A2B8-E074AD6524CD}.Release|Any CPU.ActiveCfg = Release
		{0214C033-C3F9-4E88-A2B8-E074AD6524CD}.Release|Any CPU.Build.0 = Release
	EndGlobalSection
	GlobalSection(SolutionProperties) = preSolution
		HideSolutionNode = FALSE
	EndGlobalSection
	GlobalSection(ExtensibilityGlobals) = postSolution
		SolutionGuid = {1D4BF32F-09CB-4C92-ACA1-08551F84EC09}
	EndGlobalSection
EndGlobal
