
Microsoft Visual Studio Solution File, Format Version 12.00
# Visual Studio Version 16
VisualStudioVersion = 16.0.33529.622
MinimumVisualStudioVersion = 10.0.40219.1
Project("{FAE04EC0-301F-11D3-BF4B-00C04F79EFBC}") = "WpfApp1", "WpfApp1.csproj", "{72043911-C58C-457C-AB6C-CFE0704F1DF6}"
EndProject
Project("{54435603-DBB4-11D2-8724-00A0C9A8B90C}") = "Setup1", "..\Setup1\Setup1.vdproj", "{AD6221A0-E0AB-42BA-8097-653F6FA18090}"
EndProject
Global
	GlobalSection(SolutionConfigurationPlatforms) = preSolution
		Debug|Any CPU = Debug|Any CPU
		Release|Any CPU = Release|Any CPU
	EndGlobalSection
	GlobalSection(ProjectConfigurationPlatforms) = postSolution
		{72043911-C58C-457C-AB6C-CFE0704F1DF6}.Debug|Any CPU.ActiveCfg = Debug|Any CPU
		{72043911-C58C-457C-AB6C-CFE0704F1DF6}.Debug|Any CPU.Build.0 = Debug|Any CPU
		{72043911-C58C-457C-AB6C-CFE0704F1DF6}.Release|Any CPU.ActiveCfg = Release|Any CPU
		{72043911-C58C-457C-AB6C-CFE0704F1DF6}.Release|Any CPU.Build.0 = Release|Any CPU
		{AD6221A0-E0AB-42BA-8097-653F6FA18090}.Debug|Any CPU.ActiveCfg = Debug
		{AD6221A0-E0AB-42BA-8097-653F6FA18090}.Release|Any CPU.ActiveCfg = Release
	EndGlobalSection
	GlobalSection(SolutionProperties) = preSolution
		HideSolutionNode = FALSE
	EndGlobalSection
	GlobalSection(ExtensibilityGlobals) = postSolution
		SolutionGuid = {95EB76E2-E0B1-4521-B30A-794D743A5F96}
	EndGlobalSection
EndGlobal
