
Microsoft Visual Studio Solution File, Format Version 12.00
# Visual Studio Version 17
VisualStudioVersion = 17.6.33815.320
MinimumVisualStudioVersion = 10.0.40219.1
Project("{FAE04EC0-301F-11D3-BF4B-00C04F79EFBC}") = "WpfApp1", "WpfApp1.csproj", "{72043911-C58C-457C-AB6C-CFE0704F1DF6}"
EndProject
Project("{C7167F0D-BC9F-4E6E-AFE1-012C56B48DB5}") = "Setup", "Setup\Setup.wapproj", "{8F8CE26D-3A86-4DA5-B6D6-90A23A654E7F}"
	ProjectSection(ProjectDependencies) = postProject
		{72043911-C58C-457C-AB6C-CFE0704F1DF6} = {72043911-C58C-457C-AB6C-CFE0704F1DF6}
	EndProjectSection
EndProject
Global
	GlobalSection(SolutionConfigurationPlatforms) = preSolution
		Debug|Any CPU = Debug|Any CPU
		Debug|ARM = Debug|ARM
		Debug|ARM64 = Debug|ARM64
		Debug|x64 = Debug|x64
		Debug|x86 = Debug|x86
		Release|Any CPU = Release|Any CPU
		Release|ARM = Release|ARM
		Release|ARM64 = Release|ARM64
		Release|x64 = Release|x64
		Release|x86 = Release|x86
	EndGlobalSection
	GlobalSection(ProjectConfigurationPlatforms) = postSolution
		{72043911-C58C-457C-AB6C-CFE0704F1DF6}.Debug|Any CPU.ActiveCfg = Debug|Any CPU
		{72043911-C58C-457C-AB6C-CFE0704F1DF6}.Debug|Any CPU.Build.0 = Debug|Any CPU
		{72043911-C58C-457C-AB6C-CFE0704F1DF6}.Debug|ARM.ActiveCfg = Debug|Any CPU
		{72043911-C58C-457C-AB6C-CFE0704F1DF6}.Debug|ARM.Build.0 = Debug|Any CPU
		{72043911-C58C-457C-AB6C-CFE0704F1DF6}.Debug|ARM64.ActiveCfg = Debug|Any CPU
		{72043911-C58C-457C-AB6C-CFE0704F1DF6}.Debug|ARM64.Build.0 = Debug|Any CPU
		{72043911-C58C-457C-AB6C-CFE0704F1DF6}.Debug|x64.ActiveCfg = Debug|Any CPU
		{72043911-C58C-457C-AB6C-CFE0704F1DF6}.Debug|x64.Build.0 = Debug|Any CPU
		{72043911-C58C-457C-AB6C-CFE0704F1DF6}.Debug|x86.ActiveCfg = Debug|Any CPU
		{72043911-C58C-457C-AB6C-CFE0704F1DF6}.Debug|x86.Build.0 = Debug|Any CPU
		{72043911-C58C-457C-AB6C-CFE0704F1DF6}.Release|Any CPU.ActiveCfg = Release|Any CPU
		{72043911-C58C-457C-AB6C-CFE0704F1DF6}.Release|Any CPU.Build.0 = Release|Any CPU
		{72043911-C58C-457C-AB6C-CFE0704F1DF6}.Release|ARM.ActiveCfg = Release|Any CPU
		{72043911-C58C-457C-AB6C-CFE0704F1DF6}.Release|ARM.Build.0 = Release|Any CPU
		{72043911-C58C-457C-AB6C-CFE0704F1DF6}.Release|ARM64.ActiveCfg = Release|Any CPU
		{72043911-C58C-457C-AB6C-CFE0704F1DF6}.Release|ARM64.Build.0 = Release|Any CPU
		{72043911-C58C-457C-AB6C-CFE0704F1DF6}.Release|x64.ActiveCfg = Release|Any CPU
		{72043911-C58C-457C-AB6C-CFE0704F1DF6}.Release|x64.Build.0 = Release|Any CPU
		{72043911-C58C-457C-AB6C-CFE0704F1DF6}.Release|x86.ActiveCfg = Release|Any CPU
		{72043911-C58C-457C-AB6C-CFE0704F1DF6}.Release|x86.Build.0 = Release|Any CPU
		{8F8CE26D-3A86-4DA5-B6D6-90A23A654E7F}.Debug|Any CPU.ActiveCfg = Debug|Any CPU
		{8F8CE26D-3A86-4DA5-B6D6-90A23A654E7F}.Debug|Any CPU.Build.0 = Debug|Any CPU
		{8F8CE26D-3A86-4DA5-B6D6-90A23A654E7F}.Debug|Any CPU.Deploy.0 = Debug|Any CPU
		{8F8CE26D-3A86-4DA5-B6D6-90A23A654E7F}.Debug|ARM.ActiveCfg = Debug|ARM
		{8F8CE26D-3A86-4DA5-B6D6-90A23A654E7F}.Debug|ARM.Build.0 = Debug|ARM
		{8F8CE26D-3A86-4DA5-B6D6-90A23A654E7F}.Debug|ARM.Deploy.0 = Debug|ARM
		{8F8CE26D-3A86-4DA5-B6D6-90A23A654E7F}.Debug|ARM64.ActiveCfg = Debug|ARM64
		{8F8CE26D-3A86-4DA5-B6D6-90A23A654E7F}.Debug|ARM64.Build.0 = Debug|ARM64
		{8F8CE26D-3A86-4DA5-B6D6-90A23A654E7F}.Debug|ARM64.Deploy.0 = Debug|ARM64
		{8F8CE26D-3A86-4DA5-B6D6-90A23A654E7F}.Debug|x64.ActiveCfg = Debug|x64
		{8F8CE26D-3A86-4DA5-B6D6-90A23A654E7F}.Debug|x64.Build.0 = Debug|x64
		{8F8CE26D-3A86-4DA5-B6D6-90A23A654E7F}.Debug|x64.Deploy.0 = Debug|x64
		{8F8CE26D-3A86-4DA5-B6D6-90A23A654E7F}.Debug|x86.ActiveCfg = Debug|x86
		{8F8CE26D-3A86-4DA5-B6D6-90A23A654E7F}.Debug|x86.Build.0 = Debug|x86
		{8F8CE26D-3A86-4DA5-B6D6-90A23A654E7F}.Debug|x86.Deploy.0 = Debug|x86
		{8F8CE26D-3A86-4DA5-B6D6-90A23A654E7F}.Release|Any CPU.ActiveCfg = Release|Any CPU
		{8F8CE26D-3A86-4DA5-B6D6-90A23A654E7F}.Release|Any CPU.Build.0 = Release|Any CPU
		{8F8CE26D-3A86-4DA5-B6D6-90A23A654E7F}.Release|Any CPU.Deploy.0 = Release|Any CPU
		{8F8CE26D-3A86-4DA5-B6D6-90A23A654E7F}.Release|ARM.ActiveCfg = Release|ARM
		{8F8CE26D-3A86-4DA5-B6D6-90A23A654E7F}.Release|ARM.Build.0 = Release|ARM
		{8F8CE26D-3A86-4DA5-B6D6-90A23A654E7F}.Release|ARM.Deploy.0 = Release|ARM
		{8F8CE26D-3A86-4DA5-B6D6-90A23A654E7F}.Release|ARM64.ActiveCfg = Release|ARM64
		{8F8CE26D-3A86-4DA5-B6D6-90A23A654E7F}.Release|ARM64.Build.0 = Release|ARM64
		{8F8CE26D-3A86-4DA5-B6D6-90A23A654E7F}.Release|ARM64.Deploy.0 = Release|ARM64
		{8F8CE26D-3A86-4DA5-B6D6-90A23A654E7F}.Release|x64.ActiveCfg = Release|x64
		{8F8CE26D-3A86-4DA5-B6D6-90A23A654E7F}.Release|x64.Build.0 = Release|x64
		{8F8CE26D-3A86-4DA5-B6D6-90A23A654E7F}.Release|x64.Deploy.0 = Release|x64
		{8F8CE26D-3A86-4DA5-B6D6-90A23A654E7F}.Release|x86.ActiveCfg = Release|x86
		{8F8CE26D-3A86-4DA5-B6D6-90A23A654E7F}.Release|x86.Build.0 = Release|x86
		{8F8CE26D-3A86-4DA5-B6D6-90A23A654E7F}.Release|x86.Deploy.0 = Release|x86
	EndGlobalSection
	GlobalSection(SolutionProperties) = preSolution
		HideSolutionNode = FALSE
	EndGlobalSection
	GlobalSection(ExtensibilityGlobals) = postSolution
		SolutionGuid = {95EB76E2-E0B1-4521-B30A-794D743A5F96}
	EndGlobalSection
EndGlobal
